
Microsoft Visual Studio Solution File, Format Version 12.00
# Visual Studio Version 16
VisualStudioVersion = 16.0.30711.63
MinimumVisualStudioVersion = 10.0.40219.1
Project("{FAE04EC0-301F-11D3-BF4B-00C04F79EFBC}") = "Exercise 1", "Exercise 1\Exercise 1.csproj", "{0E9046AA-154D-478D-8C88-03BA4E5B60E3}"
EndProject
Global
	GlobalSection(SolutionConfigurationPlatforms) = preSolution
		Debug|Any CPU = Debug|Any CPU
		Release|Any CPU = Release|Any CPU
	EndGlobalSection
	GlobalSection(ProjectConfigurationPlatforms) = postSolution
		{0E9046AA-154D-478D-8C88-03BA4E5B60E3}.Debug|Any CPU.ActiveCfg = Debug|Any CPU
		{0E9046AA-154D-478D-8C88-03BA4E5B60E3}.Debug|Any CPU.Build.0 = Debug|Any CPU
		{0E9046AA-154D-478D-8C88-03BA4E5B60E3}.Release|Any CPU.ActiveCfg = Release|Any CPU
		{0E9046AA-154D-478D-8C88-03BA4E5B60E3}.Release|Any CPU.Build.0 = Release|Any CPU
	EndGlobalSection
	GlobalSection(SolutionProperties) = preSolution
		HideSolutionNode = FALSE
	EndGlobalSection
	GlobalSection(ExtensibilityGlobals) = postSolution
		SolutionGuid = {7C0E64E2-BE49-4D6C-B23E-7AD825315A41}
	EndGlobalSection
EndGlobal
