
Microsoft Visual Studio Solution File, Format Version 12.00
# Visual Studio Version 16
VisualStudioVersion = 16.0.30711.63
MinimumVisualStudioVersion = 10.0.40219.1
Project("{FAE04EC0-301F-11D3-BF4B-00C04F79EFBC}") = "Exercise 2", "Exercise 2\Exercise 2.csproj", "{C57EDFBF-BD43-4A13-B21B-C1044BA1E88D}"
EndProject
Global
	GlobalSection(SolutionConfigurationPlatforms) = preSolution
		Debug|Any CPU = Debug|Any CPU
		Release|Any CPU = Release|Any CPU
	EndGlobalSection
	GlobalSection(ProjectConfigurationPlatforms) = postSolution
		{C57EDFBF-BD43-4A13-B21B-C1044BA1E88D}.Debug|Any CPU.ActiveCfg = Debug|Any CPU
		{C57EDFBF-BD43-4A13-B21B-C1044BA1E88D}.Debug|Any CPU.Build.0 = Debug|Any CPU
		{C57EDFBF-BD43-4A13-B21B-C1044BA1E88D}.Release|Any CPU.ActiveCfg = Release|Any CPU
		{C57EDFBF-BD43-4A13-B21B-C1044BA1E88D}.Release|Any CPU.Build.0 = Release|Any CPU
	EndGlobalSection
	GlobalSection(SolutionProperties) = preSolution
		HideSolutionNode = FALSE
	EndGlobalSection
	GlobalSection(ExtensibilityGlobals) = postSolution
		SolutionGuid = {96F87F54-A4E6-4B13-8371-9E57F42DA5C8}
	EndGlobalSection
EndGlobal
