
Microsoft Visual Studio Solution File, Format Version 12.00
# Visual Studio Version 16
VisualStudioVersion = 16.0.30523.141
MinimumVisualStudioVersion = 10.0.40219.1
Project("{FAE04EC0-301F-11D3-BF4B-00C04F79EFBC}") = "First", "First\First.csproj", "{00E4F6D0-AEA0-47FC-AA9E-6B607FEE13CF}"
EndProject
Global
	GlobalSection(SolutionConfigurationPlatforms) = preSolution
		Debug|Any CPU = Debug|Any CPU
		Release|Any CPU = Release|Any CPU
	EndGlobalSection
	GlobalSection(ProjectConfigurationPlatforms) = postSolution
		{00E4F6D0-AEA0-47FC-AA9E-6B607FEE13CF}.Debug|Any CPU.ActiveCfg = Debug|Any CPU
		{00E4F6D0-AEA0-47FC-AA9E-6B607FEE13CF}.Debug|Any CPU.Build.0 = Debug|Any CPU
		{00E4F6D0-AEA0-47FC-AA9E-6B607FEE13CF}.Release|Any CPU.ActiveCfg = Release|Any CPU
		{00E4F6D0-AEA0-47FC-AA9E-6B607FEE13CF}.Release|Any CPU.Build.0 = Release|Any CPU
	EndGlobalSection
	GlobalSection(SolutionProperties) = preSolution
		HideSolutionNode = FALSE
	EndGlobalSection
	GlobalSection(ExtensibilityGlobals) = postSolution
		SolutionGuid = {79817599-B7F0-456D-880F-1C31ABD2D7E3}
	EndGlobalSection
EndGlobal
